
Microsoft Visual Studio Solution File, Format Version 12.00
# Visual Studio Version 17
VisualStudioVersion = 17.13.35825.156 d17.13
MinimumVisualStudioVersion = 10.0.40219.1
Project("{FAE04EC0-301F-11D3-BF4B-00C04F79EFBC}") = "pronyKod", "pronyKod\pronyKod.csproj", "{ED5AA440-D604-4742-9D87-C7907239350F}"
EndProject
Global
	GlobalSection(SolutionConfigurationPlatforms) = preSolution
		Debug|Any CPU = Debug|Any CPU
		Release|Any CPU = Release|Any CPU
	EndGlobalSection
	GlobalSection(ProjectConfigurationPlatforms) = postSolution
		{ED5AA440-D604-4742-9D87-C7907239350F}.Debug|Any CPU.ActiveCfg = Debug|Any CPU
		{ED5AA440-D604-4742-9D87-C7907239350F}.Debug|Any CPU.Build.0 = Debug|Any CPU
		{ED5AA440-D604-4742-9D87-C7907239350F}.Release|Any CPU.ActiveCfg = Release|Any CPU
		{ED5AA440-D604-4742-9D87-C7907239350F}.Release|Any CPU.Build.0 = Release|Any CPU
	EndGlobalSection
	GlobalSection(SolutionProperties) = preSolution
		HideSolutionNode = FALSE
	EndGlobalSection
	GlobalSection(ExtensibilityGlobals) = postSolution
		SolutionGuid = {295310E4-E700-4230-B50C-410122736F6E}
	EndGlobalSection
EndGlobal
